// !$*UTF8*$!
{
	archiveVersion = 1;
	classes = {
	};
	objectVersion = 56;
	objects = {

/* Begin PBXBuildFile section */
		FC000020001 /* SpaceMono-Regular.ttf in Resources */ = {isa = PBXBuildFile; fileRef = FC000020000 /* SpaceMono-Regular.ttf */; };
		FC000021001 /* SpaceMono-Bold.ttf in Resources */ = {isa = PBXBuildFile; fileRef = FC000021000 /* SpaceMono-Bold.ttf */; };
		2090EA76BBECDA8DF1BE4ADF /* MarkerEditorSheet.swift in Sources */ = {isa = PBXBuildFile; fileRef = E8DB501894E53BEE99BC9461 /* MarkerEditorSheet.swift */; };
		25692FE16E7B66922218D212 /* MarkerListView.swift in Sources */ = {isa = PBXBuildFile; fileRef = CC7CCDAF4342677F1085A400 /* MarkerListView.swift */; };
		2DBD8BE8D6B3AAE20253D76B /* MarkerExporter.swift in Sources */ = {isa = PBXBuildFile; fileRef = 793A032AA16E395D28CF02A1 /* MarkerExporter.swift */; };
		9071E92DF44A8DBF9F8AA53D /* ExportDialogView.swift in Sources */ = {isa = PBXBuildFile; fileRef = F6A307582FBAD10D0D8C42AA /* ExportDialogView.swift */; };
		E624ED5661E8D51ED30CF011 /* MarkerRowView.swift in Sources */ = {isa = PBXBuildFile; fileRef = 366FD86F50BEC1757683E5A1 /* MarkerRowView.swift */; };
		F3C60314DAE520505FAA2008 /* Marker.swift in Sources */ = {isa = PBXBuildFile; fileRef = 58D3365CC63152809B0FE50E /* Marker.swift */; };
		FC000001001 /* FrameCalculatorApp.swift in Sources */ = {isa = PBXBuildFile; fileRef = FC000001000 /* FrameCalculatorApp.swift */; };
		FC000002001 /* ContentView.swift in Sources */ = {isa = PBXBuildFile; fileRef = FC000002000 /* ContentView.swift */; };
		FC000003001 /* Timecode.swift in Sources */ = {isa = PBXBuildFile; fileRef = FC000003000 /* Timecode.swift */; };
		FC000004001 /* FrameRate.swift in Sources */ = {isa = PBXBuildFile; fileRef = FC000004000 /* FrameRate.swift */; };
		FC000005001 /* CalculatorViewModel.swift in Sources */ = {isa = PBXBuildFile; fileRef = FC000005000 /* CalculatorViewModel.swift */; };
		FC000006001 /* CalculatorView.swift in Sources */ = {isa = PBXBuildFile; fileRef = FC000006000 /* CalculatorView.swift */; };
		FC000007001 /* TimecodeDisplayView.swift in Sources */ = {isa = PBXBuildFile; fileRef = FC000007000 /* TimecodeDisplayView.swift */; };
		FC000008001 /* FrameRatePicker.swift in Sources */ = {isa = PBXBuildFile; fileRef = FC000008000 /* FrameRatePicker.swift */; };
		FC000009001 /* KeypadView.swift in Sources */ = {isa = PBXBuildFile; fileRef = FC000009000 /* KeypadView.swift */; };
		FC00000A001 /* AppState.swift in Sources */ = {isa = PBXBuildFile; fileRef = FC00000A000 /* AppState.swift */; };
		FC00000B001 /* VideoMetadata.swift in Sources */ = {isa = PBXBuildFile; fileRef = FC00000B000 /* VideoMetadata.swift */; };
		FC00000C001 /* VideoLoader.swift in Sources */ = {isa = PBXBuildFile; fileRef = FC00000C000 /* VideoLoader.swift */; };
		FC00000D001 /* MetadataPanel.swift in Sources */ = {isa = PBXBuildFile; fileRef = FC00000D000 /* MetadataPanel.swift */; };
		FC00000E001 /* VideoInspectorView.swift in Sources */ = {isa = PBXBuildFile; fileRef = FC00000E000 /* VideoInspectorView.swift */; };
		FC000011001 /* VideoPlayerViewModel.swift in Sources */ = {isa = PBXBuildFile; fileRef = FC000011000 /* VideoPlayerViewModel.swift */; };
		FC000012001 /* TransportControls.swift in Sources */ = {isa = PBXBuildFile; fileRef = FC000012000 /* TransportControls.swift */; };
		FC000013001 /* TimelineView.swift in Sources */ = {isa = PBXBuildFile; fileRef = FC000013000 /* TimelineView.swift */; };
		FC000015001 /* CustomVideoPlayerView.swift in Sources */ = {isa = PBXBuildFile; fileRef = FC000015000 /* CustomVideoPlayerView.swift */; };
		FCC6E48B9310C7C35B51CAFD /* MarkerListViewModel.swift in Sources */ = {isa = PBXBuildFile; fileRef = BF6177DD14F7E0AF882DE1A4 /* MarkerListViewModel.swift */; };
		FD40E9E30667FA962F6881E8 /* TimelineMarkerView.swift in Sources */ = {isa = PBXBuildFile; fileRef = A972022BAA1DDEED330268C3 /* TimelineMarkerView.swift */; };
/* End PBXBuildFile section */

/* Begin PBXFileReference section */
		FC000020000 /* SpaceMono-Regular.ttf */ = {isa = PBXFileReference; lastKnownFileType = file; path = "SpaceMono-Regular.ttf"; sourceTree = "<group>"; };
		FC000021000 /* SpaceMono-Bold.ttf */ = {isa = PBXFileReference; lastKnownFileType = file; path = "SpaceMono-Bold.ttf"; sourceTree = "<group>"; };
		366FD86F50BEC1757683E5A1 /* MarkerRowView.swift */ = {isa = PBXFileReference; includeInIndex = 1; lastKnownFileType = sourcecode.swift; path = MarkerRowView.swift; sourceTree = "<group>"; };
		58D3365CC63152809B0FE50E /* Marker.swift */ = {isa = PBXFileReference; includeInIndex = 1; lastKnownFileType = sourcecode.swift; path = Marker.swift; sourceTree = "<group>"; };
		793A032AA16E395D28CF02A1 /* MarkerExporter.swift */ = {isa = PBXFileReference; includeInIndex = 1; lastKnownFileType = sourcecode.swift; path = MarkerExporter.swift; sourceTree = "<group>"; };
		A972022BAA1DDEED330268C3 /* TimelineMarkerView.swift */ = {isa = PBXFileReference; includeInIndex = 1; lastKnownFileType = sourcecode.swift; path = TimelineMarkerView.swift; sourceTree = "<group>"; };
		BF6177DD14F7E0AF882DE1A4 /* MarkerListViewModel.swift */ = {isa = PBXFileReference; includeInIndex = 1; lastKnownFileType = sourcecode.swift; path = MarkerListViewModel.swift; sourceTree = "<group>"; };
		CC7CCDAF4342677F1085A400 /* MarkerListView.swift */ = {isa = PBXFileReference; includeInIndex = 1; lastKnownFileType = sourcecode.swift; path = MarkerListView.swift; sourceTree = "<group>"; };
		E8DB501894E53BEE99BC9461 /* MarkerEditorSheet.swift */ = {isa = PBXFileReference; includeInIndex = 1; lastKnownFileType = sourcecode.swift; path = MarkerEditorSheet.swift; sourceTree = "<group>"; };
		F6A307582FBAD10D0D8C42AA /* ExportDialogView.swift */ = {isa = PBXFileReference; includeInIndex = 1; lastKnownFileType = sourcecode.swift; path = ExportDialogView.swift; sourceTree = "<group>"; };
		FC000000100 /* FrameCalculator.app */ = {isa = PBXFileReference; explicitFileType = wrapper.application; includeInIndex = 0; path = FrameCalculator.app; sourceTree = BUILT_PRODUCTS_DIR; };
		FC000001000 /* FrameCalculatorApp.swift */ = {isa = PBXFileReference; lastKnownFileType = sourcecode.swift; path = FrameCalculatorApp.swift; sourceTree = "<group>"; };
		FC000002000 /* ContentView.swift */ = {isa = PBXFileReference; lastKnownFileType = sourcecode.swift; path = ContentView.swift; sourceTree = "<group>"; };
		FC000003000 /* Timecode.swift */ = {isa = PBXFileReference; lastKnownFileType = sourcecode.swift; path = Timecode.swift; sourceTree = "<group>"; };
		FC000004000 /* FrameRate.swift */ = {isa = PBXFileReference; lastKnownFileType = sourcecode.swift; path = FrameRate.swift; sourceTree = "<group>"; };
		FC000005000 /* CalculatorViewModel.swift */ = {isa = PBXFileReference; lastKnownFileType = sourcecode.swift; path = CalculatorViewModel.swift; sourceTree = "<group>"; };
		FC000006000 /* CalculatorView.swift */ = {isa = PBXFileReference; lastKnownFileType = sourcecode.swift; path = CalculatorView.swift; sourceTree = "<group>"; };
		FC000007000 /* TimecodeDisplayView.swift */ = {isa = PBXFileReference; lastKnownFileType = sourcecode.swift; path = TimecodeDisplayView.swift; sourceTree = "<group>"; };
		FC000008000 /* FrameRatePicker.swift */ = {isa = PBXFileReference; lastKnownFileType = sourcecode.swift; path = FrameRatePicker.swift; sourceTree = "<group>"; };
		FC000009000 /* KeypadView.swift */ = {isa = PBXFileReference; lastKnownFileType = sourcecode.swift; path = KeypadView.swift; sourceTree = "<group>"; };
		FC00000A000 /* AppState.swift */ = {isa = PBXFileReference; lastKnownFileType = sourcecode.swift; path = AppState.swift; sourceTree = "<group>"; };
		FC00000B000 /* VideoMetadata.swift */ = {isa = PBXFileReference; lastKnownFileType = sourcecode.swift; path = VideoMetadata.swift; sourceTree = "<group>"; };
		FC00000C000 /* VideoLoader.swift */ = {isa = PBXFileReference; lastKnownFileType = sourcecode.swift; path = VideoLoader.swift; sourceTree = "<group>"; };
		FC00000D000 /* MetadataPanel.swift */ = {isa = PBXFileReference; lastKnownFileType = sourcecode.swift; path = MetadataPanel.swift; sourceTree = "<group>"; };
		FC00000E000 /* VideoInspectorView.swift */ = {isa = PBXFileReference; lastKnownFileType = sourcecode.swift; path = VideoInspectorView.swift; sourceTree = "<group>"; };
		FC000011000 /* VideoPlayerViewModel.swift */ = {isa = PBXFileReference; lastKnownFileType = sourcecode.swift; path = VideoPlayerViewModel.swift; sourceTree = "<group>"; };
		FC000012000 /* TransportControls.swift */ = {isa = PBXFileReference; lastKnownFileType = sourcecode.swift; path = TransportControls.swift; sourceTree = "<group>"; };
		FC000013000 /* TimelineView.swift */ = {isa = PBXFileReference; lastKnownFileType = sourcecode.swift; path = TimelineView.swift; sourceTree = "<group>"; };
		FC000015000 /* CustomVideoPlayerView.swift */ = {isa = PBXFileReference; lastKnownFileType = sourcecode.swift; path = CustomVideoPlayerView.swift; sourceTree = "<group>"; };
/* End PBXFileReference section */

/* Begin PBXFrameworksBuildPhase section */
		FC000000200 /* Frameworks */ = {
			isa = PBXFrameworksBuildPhase;
			buildActionMask = 2147483647;
			files = (
			);
			runOnlyForDeploymentPostprocessing = 0;
		};
/* End PBXFrameworksBuildPhase section */

/* Begin PBXGroup section */
		FC000022000 /* Resources */ = {
			isa = PBXGroup;
			children = (
				FC000023000 /* Fonts */,
			);
			path = Resources;
			sourceTree = "<group>";
		};
		FC000023000 /* Fonts */ = {
			isa = PBXGroup;
			children = (
				FC000020000 /* SpaceMono-Regular.ttf */,
				FC000021000 /* SpaceMono-Bold.ttf */,
			);
			path = Fonts;
			sourceTree = "<group>";
		};
		A98C64B4864F4502DC1E39B2 /* Export */ = {
			isa = PBXGroup;
			children = (
				F6A307582FBAD10D0D8C42AA /* ExportDialogView.swift */,
			);
			name = Export;
			path = Export;
			sourceTree = "<group>";
		};
		FBF4146DB5E330F333E62270 /* Markers */ = {
			isa = PBXGroup;
			children = (
				A972022BAA1DDEED330268C3 /* TimelineMarkerView.swift */,
				366FD86F50BEC1757683E5A1 /* MarkerRowView.swift */,
				E8DB501894E53BEE99BC9461 /* MarkerEditorSheet.swift */,
				CC7CCDAF4342677F1085A400 /* MarkerListView.swift */,
			);
			name = Markers;
			path = Markers;
			sourceTree = "<group>";
		};
		FC000000300 = {
			isa = PBXGroup;
			children = (
				FC000000400 /* FrameCalculator */,
				FC000000500 /* Products */,
			);
			sourceTree = "<group>";
		};
		FC000000400 /* FrameCalculator */ = {
			isa = PBXGroup;
			children = (
				FC000000600 /* App */,
				FC000000700 /* Models */,
				FC000000800 /* ViewModels */,
				FC000000900 /* Views */,
				FC00000F000 /* Services */,
				FC000022000 /* Resources */,
			);
			path = FrameCalculator;
			sourceTree = "<group>";
		};
		FC000000500 /* Products */ = {
			isa = PBXGroup;
			children = (
				FC000000100 /* FrameCalculator.app */,
			);
			name = Products;
			sourceTree = "<group>";
		};
		FC000000600 /* App */ = {
			isa = PBXGroup;
			children = (
				FC000001000 /* FrameCalculatorApp.swift */,
				FC00000A000 /* AppState.swift */,
			);
			path = App;
			sourceTree = "<group>";
		};
		FC000000700 /* Models */ = {
			isa = PBXGroup;
			children = (
				FC000003000 /* Timecode.swift */,
				FC000004000 /* FrameRate.swift */,
				FC00000B000 /* VideoMetadata.swift */,
				58D3365CC63152809B0FE50E /* Marker.swift */,
			);
			path = Models;
			sourceTree = "<group>";
		};
		FC000000800 /* ViewModels */ = {
			isa = PBXGroup;
			children = (
				FC000005000 /* CalculatorViewModel.swift */,
				FC000011000 /* VideoPlayerViewModel.swift */,
				BF6177DD14F7E0AF882DE1A4 /* MarkerListViewModel.swift */,
			);
			path = ViewModels;
			sourceTree = "<group>";
		};
		FC000000900 /* Views */ = {
			isa = PBXGroup;
			children = (
				FC000000A00 /* Main */,
				FC000000B00 /* Calculator */,
				FC000014000 /* VideoPlayer */,
				FC000010000 /* Metadata */,
				FBF4146DB5E330F333E62270 /* Markers */,
				A98C64B4864F4502DC1E39B2 /* Export */,
			);
			path = Views;
			sourceTree = "<group>";
		};
		FC000000A00 /* Main */ = {
			isa = PBXGroup;
			children = (
				FC000002000 /* ContentView.swift */,
				FC00000E000 /* VideoInspectorView.swift */,
			);
			path = Main;
			sourceTree = "<group>";
		};
		FC000000B00 /* Calculator */ = {
			isa = PBXGroup;
			children = (
				FC000006000 /* CalculatorView.swift */,
				FC000007000 /* TimecodeDisplayView.swift */,
				FC000008000 /* FrameRatePicker.swift */,
				FC000009000 /* KeypadView.swift */,
			);
			path = Calculator;
			sourceTree = "<group>";
		};
		FC00000F000 /* Services */ = {
			isa = PBXGroup;
			children = (
				FC00000C000 /* VideoLoader.swift */,
				793A032AA16E395D28CF02A1 /* MarkerExporter.swift */,
			);
			path = Services;
			sourceTree = "<group>";
		};
		FC000010000 /* Metadata */ = {
			isa = PBXGroup;
			children = (
				FC00000D000 /* MetadataPanel.swift */,
			);
			path = Metadata;
			sourceTree = "<group>";
		};
		FC000014000 /* VideoPlayer */ = {
			isa = PBXGroup;
			children = (
				FC000012000 /* TransportControls.swift */,
				FC000013000 /* TimelineView.swift */,
				FC000015000 /* CustomVideoPlayerView.swift */,
			);
			path = VideoPlayer;
			sourceTree = "<group>";
		};
/* End PBXGroup section */

/* Begin PBXNativeTarget section */
		FC000000C00 /* FrameCalculator */ = {
			isa = PBXNativeTarget;
			buildConfigurationList = FC000000D00 /* Build configuration list for PBXNativeTarget "FrameCalculator" */;
			buildPhases = (
				FC000000E00 /* Sources */,
				FC000000200 /* Frameworks */,
				FC000000F00 /* Resources */,
			);
			buildRules = (
			);
			dependencies = (
			);
			name = FrameCalculator;
			productName = FrameCalculator;
			productReference = FC000000100 /* FrameCalculator.app */;
			productType = "com.apple.product-type.application";
		};
/* End PBXNativeTarget section */

/* Begin PBXProject section */
		FC000001100 /* Project object */ = {
			isa = PBXProject;
			attributes = {
				BuildIndependentTargetsInParallel = 1;
				LastSwiftUpdateCheck = 1500;
				LastUpgradeCheck = 1500;
				TargetAttributes = {
					FC000000C00 = {
						CreatedOnToolsVersion = 15.0;
					};
				};
			};
			buildConfigurationList = FC000001200 /* Build configuration list for PBXProject "FrameCalculator" */;
			compatibilityVersion = "Xcode 14.0";
			developmentRegion = en;
			hasScannedForEncodings = 0;
			knownRegions = (
				en,
				Base,
			);
			mainGroup = FC000000300;
			productRefGroup = FC000000500 /* Products */;
			projectDirPath = "";
			projectRoot = "";
			targets = (
				FC000000C00 /* FrameCalculator */,
			);
		};
/* End PBXProject section */

/* Begin PBXResourcesBuildPhase section */
		FC000000F00 /* Resources */ = {
			isa = PBXResourcesBuildPhase;
			buildActionMask = 2147483647;
			files = (
				FC000020001 /* SpaceMono-Regular.ttf in Resources */,
				FC000021001 /* SpaceMono-Bold.ttf in Resources */,
			);
			runOnlyForDeploymentPostprocessing = 0;
		};
/* End PBXResourcesBuildPhase section */

/* Begin PBXSourcesBuildPhase section */
		FC000000E00 /* Sources */ = {
			isa = PBXSourcesBuildPhase;
			buildActionMask = 2147483647;
			files = (
				FC000001001 /* FrameCalculatorApp.swift in Sources */,
				FC000002001 /* ContentView.swift in Sources */,
				FC000003001 /* Timecode.swift in Sources */,
				FC000004001 /* FrameRate.swift in Sources */,
				FC000005001 /* CalculatorViewModel.swift in Sources */,
				FC000006001 /* CalculatorView.swift in Sources */,
				FC000007001 /* TimecodeDisplayView.swift in Sources */,
				FC000008001 /* FrameRatePicker.swift in Sources */,
				FC000009001 /* KeypadView.swift in Sources */,
				FC00000A001 /* AppState.swift in Sources */,
				FC00000B001 /* VideoMetadata.swift in Sources */,
				FC00000C001 /* VideoLoader.swift in Sources */,
				FC00000D001 /* MetadataPanel.swift in Sources */,
				FC00000E001 /* VideoInspectorView.swift in Sources */,
				FC000011001 /* VideoPlayerViewModel.swift in Sources */,
				FC000012001 /* TransportControls.swift in Sources */,
				FC000013001 /* TimelineView.swift in Sources */,
				FC000015001 /* CustomVideoPlayerView.swift in Sources */,
				F3C60314DAE520505FAA2008 /* Marker.swift in Sources */,
				FCC6E48B9310C7C35B51CAFD /* MarkerListViewModel.swift in Sources */,
				FD40E9E30667FA962F6881E8 /* TimelineMarkerView.swift in Sources */,
				E624ED5661E8D51ED30CF011 /* MarkerRowView.swift in Sources */,
				2090EA76BBECDA8DF1BE4ADF /* MarkerEditorSheet.swift in Sources */,
				25692FE16E7B66922218D212 /* MarkerListView.swift in Sources */,
				2DBD8BE8D6B3AAE20253D76B /* MarkerExporter.swift in Sources */,
				9071E92DF44A8DBF9F8AA53D /* ExportDialogView.swift in Sources */,
			);
			runOnlyForDeploymentPostprocessing = 0;
		};
/* End PBXSourcesBuildPhase section */

/* Begin XCBuildConfiguration section */
		FC000001300 /* Debug */ = {
			isa = XCBuildConfiguration;
			buildSettings = {
				ALWAYS_SEARCH_USER_PATHS = NO;
				ASSETCATALOG_COMPILER_GENERATE_SWIFT_ASSET_SYMBOL_EXTENSIONS = YES;
				CLANG_ANALYZER_NONNULL = YES;
				CLANG_ANALYZER_NUMBER_OBJECT_CONVERSION = YES_AGGRESSIVE;
				CLANG_CXX_LANGUAGE_STANDARD = "gnu++20";
				CLANG_ENABLE_MODULES = YES;
				CLANG_ENABLE_OBJC_ARC = YES;
				CLANG_ENABLE_OBJC_WEAK = YES;
				CLANG_WARN_BLOCK_CAPTURE_AUTORELEASING = YES;
				CLANG_WARN_BOOL_CONVERSION = YES;
				CLANG_WARN_COMMA = YES;
				CLANG_WARN_CONSTANT_CONVERSION = YES;
				CLANG_WARN_DEPRECATED_OBJC_IMPLEMENTATIONS = YES;
				CLANG_WARN_DIRECT_OBJC_ISA_USAGE = YES_ERROR;
				CLANG_WARN_DOCUMENTATION_COMMENTS = YES;
				CLANG_WARN_EMPTY_BODY = YES;
				CLANG_WARN_ENUM_CONVERSION = YES;
				CLANG_WARN_INFINITE_RECURSION = YES;
				CLANG_WARN_INT_CONVERSION = YES;
				CLANG_WARN_NON_LITERAL_NULL_CONVERSION = YES;
				CLANG_WARN_OBJC_IMPLICIT_RETAIN_SELF = YES;
				CLANG_WARN_OBJC_LITERAL_CONVERSION = YES;
				CLANG_WARN_OBJC_ROOT_CLASS = YES_ERROR;
				CLANG_WARN_QUOTED_INCLUDE_IN_FRAMEWORK_HEADER = YES;
				CLANG_WARN_RANGE_LOOP_ANALYSIS = YES;
				CLANG_WARN_STRICT_PROTOTYPES = YES;
				CLANG_WARN_SUSPICIOUS_MOVE = YES;
				CLANG_WARN_UNGUARDED_AVAILABILITY = YES_AGGRESSIVE;
				CLANG_WARN_UNREACHABLE_CODE = YES;
				CLANG_WARN__DUPLICATE_METHOD_MATCH = YES;
				COPY_PHASE_STRIP = NO;
				DEBUG_INFORMATION_FORMAT = dwarf;
				ENABLE_STRICT_OBJC_MSGSEND = YES;
				ENABLE_TESTABILITY = YES;
				ENABLE_USER_SCRIPT_SANDBOXING = YES;
				GCC_C_LANGUAGE_STANDARD = gnu17;
				GCC_DYNAMIC_NO_PIC = NO;
				GCC_NO_COMMON_BLOCKS = YES;
				GCC_OPTIMIZATION_LEVEL = 0;
				GCC_PREPROCESSOR_DEFINITIONS = (
					"DEBUG=1",
					"$(inherited)",
				);
				GCC_WARN_64_TO_32_BIT_CONVERSION = YES;
				GCC_WARN_ABOUT_RETURN_TYPE = YES_ERROR;
				GCC_WARN_UNDECLARED_SELECTOR = YES;
				GCC_WARN_UNINITIALIZED_AUTOS = YES_AGGRESSIVE;
				GCC_WARN_UNUSED_FUNCTION = YES;
				GCC_WARN_UNUSED_VARIABLE = YES;
				MACOSX_DEPLOYMENT_TARGET = 13.0;
				MTL_ENABLE_DEBUG_INFO = INCLUDE_SOURCE;
				MTL_FAST_MATH = YES;
				ONLY_ACTIVE_ARCH = YES;
				SDKROOT = macosx;
				SWIFT_ACTIVE_COMPILATION_CONDITIONS = "DEBUG $(inherited)";
				SWIFT_OPTIMIZATION_LEVEL = "-Onone";
			};
			name = Debug;
		};
		FC000001400 /* Release */ = {
			isa = XCBuildConfiguration;
			buildSettings = {
				ALWAYS_SEARCH_USER_PATHS = NO;
				ASSETCATALOG_COMPILER_GENERATE_SWIFT_ASSET_SYMBOL_EXTENSIONS = YES;
				CLANG_ANALYZER_NONNULL = YES;
				CLANG_ANALYZER_NUMBER_OBJECT_CONVERSION = YES_AGGRESSIVE;
				CLANG_CXX_LANGUAGE_STANDARD = "gnu++20";
				CLANG_ENABLE_MODULES = YES;
				CLANG_ENABLE_OBJC_ARC = YES;
				CLANG_ENABLE_OBJC_WEAK = YES;
				CLANG_WARN_BLOCK_CAPTURE_AUTORELEASING = YES;
				CLANG_WARN_BOOL_CONVERSION = YES;
				CLANG_WARN_COMMA = YES;
				CLANG_WARN_CONSTANT_CONVERSION = YES;
				CLANG_WARN_DEPRECATED_OBJC_IMPLEMENTATIONS = YES;
				CLANG_WARN_DIRECT_OBJC_ISA_USAGE = YES_ERROR;
				CLANG_WARN_DOCUMENTATION_COMMENTS = YES;
				CLANG_WARN_EMPTY_BODY = YES;
				CLANG_WARN_ENUM_CONVERSION = YES;
				CLANG_WARN_INFINITE_RECURSION = YES;
				CLANG_WARN_INT_CONVERSION = YES;
				CLANG_WARN_NON_LITERAL_NULL_CONVERSION = YES;
				CLANG_WARN_OBJC_IMPLICIT_RETAIN_SELF = YES;
				CLANG_WARN_OBJC_LITERAL_CONVERSION = YES;
				CLANG_WARN_OBJC_ROOT_CLASS = YES_ERROR;
				CLANG_WARN_QUOTED_INCLUDE_IN_FRAMEWORK_HEADER = YES;
				CLANG_WARN_RANGE_LOOP_ANALYSIS = YES;
				CLANG_WARN_STRICT_PROTOTYPES = YES;
				CLANG_WARN_SUSPICIOUS_MOVE = YES;
				CLANG_WARN_UNGUARDED_AVAILABILITY = YES_AGGRESSIVE;
				CLANG_WARN_UNREACHABLE_CODE = YES;
				CLANG_WARN__DUPLICATE_METHOD_MATCH = YES;
				COPY_PHASE_STRIP = NO;
				DEBUG_INFORMATION_FORMAT = "dwarf-with-dsym";
				ENABLE_NS_ASSERTIONS = NO;
				ENABLE_STRICT_OBJC_MSGSEND = YES;
				ENABLE_USER_SCRIPT_SANDBOXING = YES;
				GCC_C_LANGUAGE_STANDARD = gnu17;
				GCC_NO_COMMON_BLOCKS = YES;
				GCC_WARN_64_TO_32_BIT_CONVERSION = YES;
				GCC_WARN_ABOUT_RETURN_TYPE = YES_ERROR;
				GCC_WARN_UNDECLARED_SELECTOR = YES;
				GCC_WARN_UNINITIALIZED_AUTOS = YES_AGGRESSIVE;
				GCC_WARN_UNUSED_FUNCTION = YES;
				GCC_WARN_UNUSED_VARIABLE = YES;
				MACOSX_DEPLOYMENT_TARGET = 13.0;
				MTL_ENABLE_DEBUG_INFO = NO;
				MTL_FAST_MATH = YES;
				SDKROOT = macosx;
				SWIFT_COMPILATION_MODE = wholemodule;
			};
			name = Release;
		};
		FC000001500 /* Debug */ = {
			isa = XCBuildConfiguration;
			buildSettings = {
				ASSETCATALOG_COMPILER_APPICON_NAME = AppIcon;
				ASSETCATALOG_COMPILER_GLOBAL_ACCENT_COLOR_NAME = AccentColor;
				CODE_SIGN_ENTITLEMENTS = FrameCalculator/FrameCalculator.entitlements;
				CODE_SIGN_STYLE = Automatic;
				COMBINE_HIDPI_IMAGES = YES;
				CURRENT_PROJECT_VERSION = 1;
				DEVELOPMENT_TEAM = "";
				ENABLE_HARDENED_RUNTIME = YES;
				ENABLE_PREVIEWS = YES;
				GENERATE_INFOPLIST_FILE = YES;
				INFOPLIST_FILE = FrameCalculator/Info.plist;
				INFOPLIST_KEY_LSApplicationCategoryType = "public.app-category.utilities";
				INFOPLIST_KEY_NSHumanReadableCopyright = "";
				LD_RUNPATH_SEARCH_PATHS = (
					"$(inherited)",
					"@executable_path/../Frameworks",
				);
				MARKETING_VERSION = 1.0;
				PRODUCT_BUNDLE_IDENTIFIER = com.framecalculator.app;
				PRODUCT_NAME = "$(TARGET_NAME)";
				SWIFT_EMIT_LOC_STRINGS = YES;
				SWIFT_VERSION = 5.0;
			};
			name = Debug;
		};
		FC000001600 /* Release */ = {
			isa = XCBuildConfiguration;
			buildSettings = {
				ASSETCATALOG_COMPILER_APPICON_NAME = AppIcon;
				ASSETCATALOG_COMPILER_GLOBAL_ACCENT_COLOR_NAME = AccentColor;
				CODE_SIGN_ENTITLEMENTS = FrameCalculator/FrameCalculator.entitlements;
				CODE_SIGN_STYLE = Automatic;
				COMBINE_HIDPI_IMAGES = YES;
				CURRENT_PROJECT_VERSION = 1;
				DEVELOPMENT_TEAM = "";
				ENABLE_HARDENED_RUNTIME = YES;
				ENABLE_PREVIEWS = YES;
				GENERATE_INFOPLIST_FILE = YES;
				INFOPLIST_FILE = FrameCalculator/Info.plist;
				INFOPLIST_KEY_LSApplicationCategoryType = "public.app-category.utilities";
				INFOPLIST_KEY_NSHumanReadableCopyright = "";
				LD_RUNPATH_SEARCH_PATHS = (
					"$(inherited)",
					"@executable_path/../Frameworks",
				);
				MARKETING_VERSION = 1.0;
				PRODUCT_BUNDLE_IDENTIFIER = com.framecalculator.app;
				PRODUCT_NAME = "$(TARGET_NAME)";
				SWIFT_EMIT_LOC_STRINGS = YES;
				SWIFT_VERSION = 5.0;
			};
			name = Release;
		};
/* End XCBuildConfiguration section */

/* Begin XCConfigurationList section */
		FC000000D00 /* Build configuration list for PBXNativeTarget "FrameCalculator" */ = {
			isa = XCConfigurationList;
			buildConfigurations = (
				FC000001500 /* Debug */,
				FC000001600 /* Release */,
			);
			defaultConfigurationIsVisible = 0;
			defaultConfigurationName = Release;
		};
		FC000001200 /* Build configuration list for PBXProject "FrameCalculator" */ = {
			isa = XCConfigurationList;
			buildConfigurations = (
				FC000001300 /* Debug */,
				FC000001400 /* Release */,
			);
			defaultConfigurationIsVisible = 0;
			defaultConfigurationName = Release;
		};
/* End XCConfigurationList section */
	};
	rootObject = FC000001100 /* Project object */;
}
